
Microsoft Visual Studio Solution File, Format Version 12.00
# Visual Studio Version 16
VisualStudioVersion = 16.0.31112.23
MinimumVisualStudioVersion = 10.0.40219.1
Project("{FAE04EC0-301F-11D3-BF4B-00C04F79EFBC}") = "Upstream.API", "Upstream.API\Upstream.API.csproj", "{0C19B5D1-F23F-4230-AB9E-F6FE7A264C34}"
EndProject
Global
	GlobalSection(SolutionConfigurationPlatforms) = preSolution
		Debug|Any CPU = Debug|Any CPU
		Release|Any CPU = Release|Any CPU
	EndGlobalSection
	GlobalSection(ProjectConfigurationPlatforms) = postSolution
		{0C19B5D1-F23F-4230-AB9E-F6FE7A264C34}.Debug|Any CPU.ActiveCfg = Debug|Any CPU
		{0C19B5D1-F23F-4230-AB9E-F6FE7A264C34}.Debug|Any CPU.Build.0 = Debug|Any CPU
		{0C19B5D1-F23F-4230-AB9E-F6FE7A264C34}.Release|Any CPU.ActiveCfg = Release|Any CPU
		{0C19B5D1-F23F-4230-AB9E-F6FE7A264C34}.Release|Any CPU.Build.0 = Release|Any CPU
	EndGlobalSection
	GlobalSection(SolutionProperties) = preSolution
		HideSolutionNode = FALSE
	EndGlobalSection
	GlobalSection(ExtensibilityGlobals) = postSolution
		SolutionGuid = {F6F21823-3FD2-4AFD-B431-CE35109E61BC}
	EndGlobalSection
EndGlobal
